# THIS IS AN AUTOGENERATED FILE. DO NOT EDIT THIS FILE DIRECTLY.
# yarn lockfile v1


"@types/aws-lambda@^8.10.92":
  version "8.10.119"
  resolved "https://unpm.uberinternal.com/%40types%2Faws-lambda/-/aws-lambda-8.10.119.tgz#aaf010a9c892b3e29a290e5c49bfe8bcec82c455"
  integrity sha1-qvAQqciSs+KaKQ5cSb/ovOyCxFU=
